
Microsoft Visual Studio Solution File, Format Version 12.00
# Visual Studio Version 16
VisualStudioVersion = 16.0.29519.87
MinimumVisualStudioVersion = 10.0.40219.1
Project("{FAE04EC0-301F-11D3-BF4B-00C04F79EFBC}") = "NOMMS.Domain", "NOMMS.Domain\NOMMS.Domain.csproj", "{C7828AF6-8D25-4DBE-84AC-F6E9E5659055}"
EndProject
Global
	GlobalSection(SolutionConfigurationPlatforms) = preSolution
		Debug|Any CPU = Debug|Any CPU
		Release|Any CPU = Release|Any CPU
	EndGlobalSection
	GlobalSection(ProjectConfigurationPlatforms) = postSolution
		{C7828AF6-8D25-4DBE-84AC-F6E9E5659055}.Debug|Any CPU.ActiveCfg = Debug|Any CPU
		{C7828AF6-8D25-4DBE-84AC-F6E9E5659055}.Debug|Any CPU.Build.0 = Debug|Any CPU
		{C7828AF6-8D25-4DBE-84AC-F6E9E5659055}.Release|Any CPU.ActiveCfg = Release|Any CPU
		{C7828AF6-8D25-4DBE-84AC-F6E9E5659055}.Release|Any CPU.Build.0 = Release|Any CPU
	EndGlobalSection
	GlobalSection(SolutionProperties) = preSolution
		HideSolutionNode = FALSE
	EndGlobalSection
	GlobalSection(ExtensibilityGlobals) = postSolution
		SolutionGuid = {BA9C2F69-BB60-41BA-8BC8-60B41803A40E}
	EndGlobalSection
EndGlobal
